{
  "name": "studio9-starter",
  "lockfileVersion": 3,
  "requires": true,
  "packages": {
    "": {
      "dependencies": {
        "madata": "^0.0.1-alpha.0"
      }
    },
    "node_modules/madata": {
      "version": "0.0.1-alpha.0",
      "resolved": "https://registry.npmjs.org/madata/-/madata-0.0.1-alpha.0.tgz",
      "integrity": "sha512-wY93XGV/XWXGUPUJYIH0C5KkxJpSse1pCL4mEKe7Z9wRPD5fLo+SuNjtTMhL0Fakx1UDXLIL3JpEeHjmXE4Mig=="
    }
  }
}
